
Microsoft Visual Studio Solution File, Format Version 12.00
# Visual Studio Version 16
VisualStudioVersion = 16.0.33130.400
MinimumVisualStudioVersion = 10.0.40219.1
Project("{9A19103F-16F7-4668-BE54-9A1E7A4F7556}") = "FileUploader.API", "FileUploader\FileUploader.API.csproj", "{18479211-96F1-4BB7-BF21-36CDFB021132}"
EndProject
Project("{9A19103F-16F7-4668-BE54-9A1E7A4F7556}") = "FileUploader.Business", "FileUploader.Business\FileUploader.Business.csproj", "{9A1E9CEE-1EA4-4ABB-B2C0-616F8228F773}"
EndProject
Project("{9A19103F-16F7-4668-BE54-9A1E7A4F7556}") = "FileUploader.Core", "FileUploader.Core\FileUploader.Core.csproj", "{BA701F4F-61AE-41C5-B7CC-6687D9BE6050}"
EndProject
Project("{9A19103F-16F7-4668-BE54-9A1E7A4F7556}") = "FileUploader.DAL", "FileUploader.DAL\FileUploader.DAL.csproj", "{A98085FC-8CE3-483D-9B9E-33F7FC992A7E}"
EndProject
Project("{9A19103F-16F7-4668-BE54-9A1E7A4F7556}") = "FileUploader.Entities", "FileUploader.Entities\FileUploader.Entities.csproj", "{A2884DC8-6439-4FDE-BAB4-659EE176CF0B}"
EndProject
Project("{9A19103F-16F7-4668-BE54-9A1E7A4F7556}") = "FileUploader.TokenWorker", "FileUploader.TokenWorker\FileUploader.TokenWorker.csproj", "{90B87A86-CD7F-4820-949E-D9A2E72DBD48}"
EndProject
Global
	GlobalSection(SolutionConfigurationPlatforms) = preSolution
		Debug|Any CPU = Debug|Any CPU
		Release|Any CPU = Release|Any CPU
	EndGlobalSection
	GlobalSection(ProjectConfigurationPlatforms) = postSolution
		{18479211-96F1-4BB7-BF21-36CDFB021132}.Debug|Any CPU.ActiveCfg = Debug|Any CPU
		{18479211-96F1-4BB7-BF21-36CDFB021132}.Debug|Any CPU.Build.0 = Debug|Any CPU
		{18479211-96F1-4BB7-BF21-36CDFB021132}.Release|Any CPU.ActiveCfg = Release|Any CPU
		{18479211-96F1-4BB7-BF21-36CDFB021132}.Release|Any CPU.Build.0 = Release|Any CPU
		{9A1E9CEE-1EA4-4ABB-B2C0-616F8228F773}.Debug|Any CPU.ActiveCfg = Debug|Any CPU
		{9A1E9CEE-1EA4-4ABB-B2C0-616F8228F773}.Debug|Any CPU.Build.0 = Debug|Any CPU
		{9A1E9CEE-1EA4-4ABB-B2C0-616F8228F773}.Release|Any CPU.ActiveCfg = Release|Any CPU
		{9A1E9CEE-1EA4-4ABB-B2C0-616F8228F773}.Release|Any CPU.Build.0 = Release|Any CPU
		{BA701F4F-61AE-41C5-B7CC-6687D9BE6050}.Debug|Any CPU.ActiveCfg = Debug|Any CPU
		{BA701F4F-61AE-41C5-B7CC-6687D9BE6050}.Debug|Any CPU.Build.0 = Debug|Any CPU
		{BA701F4F-61AE-41C5-B7CC-6687D9BE6050}.Release|Any CPU.ActiveCfg = Release|Any CPU
		{BA701F4F-61AE-41C5-B7CC-6687D9BE6050}.Release|Any CPU.Build.0 = Release|Any CPU
		{A98085FC-8CE3-483D-9B9E-33F7FC992A7E}.Debug|Any CPU.ActiveCfg = Debug|Any CPU
		{A98085FC-8CE3-483D-9B9E-33F7FC992A7E}.Debug|Any CPU.Build.0 = Debug|Any CPU
		{A98085FC-8CE3-483D-9B9E-33F7FC992A7E}.Release|Any CPU.ActiveCfg = Release|Any CPU
		{A98085FC-8CE3-483D-9B9E-33F7FC992A7E}.Release|Any CPU.Build.0 = Release|Any CPU
		{A2884DC8-6439-4FDE-BAB4-659EE176CF0B}.Debug|Any CPU.ActiveCfg = Debug|Any CPU
		{A2884DC8-6439-4FDE-BAB4-659EE176CF0B}.Debug|Any CPU.Build.0 = Debug|Any CPU
		{A2884DC8-6439-4FDE-BAB4-659EE176CF0B}.Release|Any CPU.ActiveCfg = Release|Any CPU
		{A2884DC8-6439-4FDE-BAB4-659EE176CF0B}.Release|Any CPU.Build.0 = Release|Any CPU
		{90B87A86-CD7F-4820-949E-D9A2E72DBD48}.Debug|Any CPU.ActiveCfg = Debug|Any CPU
		{90B87A86-CD7F-4820-949E-D9A2E72DBD48}.Debug|Any CPU.Build.0 = Debug|Any CPU
		{90B87A86-CD7F-4820-949E-D9A2E72DBD48}.Release|Any CPU.ActiveCfg = Release|Any CPU
		{90B87A86-CD7F-4820-949E-D9A2E72DBD48}.Release|Any CPU.Build.0 = Release|Any CPU
	EndGlobalSection
	GlobalSection(SolutionProperties) = preSolution
		HideSolutionNode = FALSE
	EndGlobalSection
	GlobalSection(ExtensibilityGlobals) = postSolution
		SolutionGuid = {2AB523DE-16B4-4DB7-A557-2A5CB5331452}
	EndGlobalSection
EndGlobal
